{
	"name": "hellofn",
	"version": "1.0.0",
	"lockfileVersion": 2,
	"requires": true,
	"packages": {
		"": {
			"name": "hellofn",
			"version": "1.0.0",
			"license": "Apache-2.0",
			"dependencies": {
				"@fnproject/fdk": ">=0.0.38"
			}
		},
		"node_modules/@fnproject/fdk": {
			"version": "0.0.38",
			"resolved": "https://registry.npmjs.org/@fnproject/fdk/-/fdk-0.0.38.tgz",
			"integrity": "sha512-leexBf+62HwsBRLzqc5UhMoFkicX1mD1GMysj+ar2cDz2YON3qrlNqOhESEWtCLVHiQkXaI4f56ygUiWS4EfGg=="
		}
	},
	"dependencies": {
		"@fnproject/fdk": {
			"version": "0.0.38",
			"resolved": "https://registry.npmjs.org/@fnproject/fdk/-/fdk-0.0.38.tgz",
			"integrity": "sha512-leexBf+62HwsBRLzqc5UhMoFkicX1mD1GMysj+ar2cDz2YON3qrlNqOhESEWtCLVHiQkXaI4f56ygUiWS4EfGg=="
		}
	}
}
