{
	"name": "jwt-adapter",
	"version": "1.0.0",
	"lockfileVersion": 2,
	"requires": true,
	"packages": {
		"": {
			"name": "jwt-adapter",
			"version": "1.0.0",
			"license": "Apache-2.0",
			"dependencies": {
				"@fnproject/fdk": ">=0.0.41"
			}
		},
		"node_modules/@fnproject/fdk": {
			"version": "0.0.41",
			"resolved": "https://registry.npmjs.org/@fnproject/fdk/-/fdk-0.0.41.tgz",
			"integrity": "sha512-MfIGPj5wjFxFtCgijQx9Kw2zIi0oQOCtz37wqCXmvpM7Wu+2jhO+A5va0ITjihVX/e1zPWs+OMBrRz5NGoHkCg=="
		}
	},
	"dependencies": {
		"@fnproject/fdk": {
			"version": "0.0.41",
			"resolved": "https://registry.npmjs.org/@fnproject/fdk/-/fdk-0.0.41.tgz",
			"integrity": "sha512-MfIGPj5wjFxFtCgijQx9Kw2zIi0oQOCtz37wqCXmvpM7Wu+2jhO+A5va0ITjihVX/e1zPWs+OMBrRz5NGoHkCg=="
		}
	}
}
